
Microsoft Visual Studio Solution File, Format Version 12.00
Project("{FAE04EC0-301F-11D3-BF4B-00C04F79EFBC}") = "address_project", "address_project\address_project.csproj", "{C041BB86-6922-402B-81A0-A69E913EA46B}"
EndProject
Project("{FAE04EC0-301F-11D3-BF4B-00C04F79EFBC}") = "converter_project", "converter_project\converter_project.csproj", "{FE070BD0-0B71-4E1F-878B-664F7EC5FB91}"
EndProject
Global
	GlobalSection(SolutionConfigurationPlatforms) = preSolution
		Debug|Any CPU = Debug|Any CPU
		Release|Any CPU = Release|Any CPU
	EndGlobalSection
	GlobalSection(ProjectConfigurationPlatforms) = postSolution
		{C041BB86-6922-402B-81A0-A69E913EA46B}.Debug|Any CPU.ActiveCfg = Debug|Any CPU
		{C041BB86-6922-402B-81A0-A69E913EA46B}.Debug|Any CPU.Build.0 = Debug|Any CPU
		{C041BB86-6922-402B-81A0-A69E913EA46B}.Release|Any CPU.ActiveCfg = Release|Any CPU
		{C041BB86-6922-402B-81A0-A69E913EA46B}.Release|Any CPU.Build.0 = Release|Any CPU
		{FE070BD0-0B71-4E1F-878B-664F7EC5FB91}.Debug|Any CPU.ActiveCfg = Debug|Any CPU
		{FE070BD0-0B71-4E1F-878B-664F7EC5FB91}.Debug|Any CPU.Build.0 = Debug|Any CPU
		{FE070BD0-0B71-4E1F-878B-664F7EC5FB91}.Release|Any CPU.ActiveCfg = Release|Any CPU
		{FE070BD0-0B71-4E1F-878B-664F7EC5FB91}.Release|Any CPU.Build.0 = Release|Any CPU
	EndGlobalSection
EndGlobal
